
Microsoft Visual Studio Solution File, Format Version 12.00
# Visual Studio Version 16
VisualStudioVersion = 16.0.29709.97
MinimumVisualStudioVersion = 10.0.40219.1
Project("{FAE04EC0-301F-11D3-BF4B-00C04F79EFBC}") = "CircularDigitalClock", "CircularDigitalClock.csproj", "{63E50661-00F3-4073-B19F-090F9169F4EC}"
EndProject
Global
	GlobalSection(SolutionConfigurationPlatforms) = preSolution
		Debug|Any CPU = Debug|Any CPU
		Release|Any CPU = Release|Any CPU
	EndGlobalSection
	GlobalSection(ProjectConfigurationPlatforms) = postSolution
		{63E50661-00F3-4073-B19F-090F9169F4EC}.Debug|Any CPU.ActiveCfg = Debug|Any CPU
		{63E50661-00F3-4073-B19F-090F9169F4EC}.Debug|Any CPU.Build.0 = Debug|Any CPU
		{63E50661-00F3-4073-B19F-090F9169F4EC}.Release|Any CPU.ActiveCfg = Release|Any CPU
		{63E50661-00F3-4073-B19F-090F9169F4EC}.Release|Any CPU.Build.0 = Release|Any CPU
	EndGlobalSection
	GlobalSection(SolutionProperties) = preSolution
		HideSolutionNode = FALSE
	EndGlobalSection
	GlobalSection(ExtensibilityGlobals) = postSolution
		SolutionGuid = {3AFCFFD0-AB1B-422D-A706-3147F977B2E4}
	EndGlobalSection
EndGlobal
